PODS:
  - CryptoSwift (1.0.0)
  - PromiseKit (6.8.3):
    - PromiseKit/CorePromise (= 6.8.3)
    - PromiseKit/Foundation (= 6.8.3)
    - PromiseKit/UIKit (= 6.8.3)
  - PromiseKit/CorePromise (6.8.3)
  - PromiseKit/Foundation (6.8.3):
    - PromiseKit/CorePromise
  - PromiseKit/UIKit (6.8.3):
    - PromiseKit/CorePromise
  - Starscream (3.1.0)
  - SwiftProtobuf (1.3.1)
  - TrustWalletCore (0.9.0):
    - SwiftProtobuf (~> 1.3.0)
  - WalletConnect (0.1.0):
    - CryptoSwift
    - PromiseKit
    - Starscream

DEPENDENCIES:
  - TrustWalletCore
  - WalletConnect (from `../`)

SPEC REPOS:
  https://github.com/cocoapods/specs.git:
    - CryptoSwift
    - PromiseKit
    - Starscream
    - SwiftProtobuf
    - TrustWalletCore

EXTERNAL SOURCES:
  WalletConnect:
    :path: "../"

SPEC CHECKSUMS:
  CryptoSwift: d81eeaa59dc5a8d03720fe919a6fd07b51f7439f
  PromiseKit: 94c6e781838c5bf4717677d0d882b0e7250c80fc
  Starscream: 08172b481e145289c4930cb567230fb55897cfa4
  SwiftProtobuf: 84cd6b8f4fd2fc3d9fbd80a0aaf2e957d52824ec
  TrustWalletCore: c05884ebc535de50e1681c72bbaeaaf36b696280
  WalletConnect: 71cb5714f6ee438f28eb0aad35c147b47204bff9

PODFILE CHECKSUM: a1e603c059b0895d70f3a913a20334918afd4244

COCOAPODS: 1.6.1
