PODS:
  - CryptoSwift (1.0.0)
  - PromiseKit (6.8.3):
    - PromiseKit/CorePromise (= 6.8.3)
    - PromiseKit/Foundation (= 6.8.3)
    - PromiseKit/UIKit (= 6.8.3)
  - PromiseKit/CorePromise (6.8.3)
  - PromiseKit/Foundation (6.8.3):
    - PromiseKit/CorePromise
  - PromiseKit/UIKit (6.8.3):
    - PromiseKit/CorePromise
  - Starscream (3.1.0)
  - SwiftProtobuf (1.5.0)
  - TrustWalletCore (0.11.0):
    - SwiftProtobuf (~> 1.5.0)
  - WalletConnect (0.1.0):
    - CryptoSwift
    - PromiseKit
    - Starscream

DEPENDENCIES:
  - TrustWalletCore
  - WalletConnect (from `../`)

SPEC REPOS:
  https://github.com/cocoapods/specs.git:
    - CryptoSwift
    - PromiseKit
    - Starscream
    - SwiftProtobuf
    - TrustWalletCore

EXTERNAL SOURCES:
  WalletConnect:
    :path: "../"

SPEC CHECKSUMS:
  CryptoSwift: d81eeaa59dc5a8d03720fe919a6fd07b51f7439f
  PromiseKit: 94c6e781838c5bf4717677d0d882b0e7250c80fc
  Starscream: 08172b481e145289c4930cb567230fb55897cfa4
  SwiftProtobuf: 241400280f912735c1e1b9fe675fdd2c6c4d42e2
  TrustWalletCore: e4e77335b60c3609ed4a34a96ff99c873f61dd23
  WalletConnect: 0b21907c54b4bb324bf402dd14954c60a290ad36

PODFILE CHECKSUM: c27875fa803397b20a32fcb69a751f5d7aa8aec0

COCOAPODS: 1.7.1
