PODS:
  - CryptoSwift (0.14.0)
  - PromiseKit (6.8.3):
    - PromiseKit/CorePromise (= 6.8.3)
    - PromiseKit/Foundation (= 6.8.3)
    - PromiseKit/UIKit (= 6.8.3)
  - PromiseKit/CorePromise (6.8.3)
  - PromiseKit/Foundation (6.8.3):
    - PromiseKit/CorePromise
  - PromiseKit/UIKit (6.8.3):
    - PromiseKit/CorePromise
  - Starscream (3.0.6)
  - SwiftProtobuf (1.3.1)
  - TrustWalletCore (0.8.1):
    - SwiftProtobuf (~> 1.3.0)

DEPENDENCIES:
  - CryptoSwift
  - PromiseKit
  - Starscream
  - TrustWalletCore

SPEC REPOS:
  https://github.com/cocoapods/specs.git:
    - CryptoSwift
    - PromiseKit
    - Starscream
    - SwiftProtobuf
    - TrustWalletCore

SPEC CHECKSUMS:
  CryptoSwift: 35a10419f4dbf0619c13f8c1c180037e115323fa
  PromiseKit: 94c6e781838c5bf4717677d0d882b0e7250c80fc
  Starscream: ef3ece99d765eeccb67de105bfa143f929026cf5
  SwiftProtobuf: 84cd6b8f4fd2fc3d9fbd80a0aaf2e957d52824ec
  TrustWalletCore: 0ea4ae229b3a4d3dc0889a862fc1d00375a278c4

PODFILE CHECKSUM: 96c621c426d24c1e7cc36376b656a0e55540c9aa

COCOAPODS: 1.6.1
